
Microsoft Visual Studio Solution File, Format Version 10.00
# Visual C# Express 2008
Project("{FAE04EC0-301F-11D3-BF4B-00C04F79EFBC}") = "Sunfish", "Sunfish\Sunfish.csproj", "{DAD74384-E2FC-4C30-A3CC-E18553F15A7B}"
EndProject
Project("{FAE04EC0-301F-11D3-BF4B-00C04F79EFBC}") = "Sunfish.GUI", "Sunfish.GUI\Sunfish.GUI.csproj", "{DFC3D695-D758-4103-99A3-43FA2583FCF8}"
EndProject
Project("{FAE04EC0-301F-11D3-BF4B-00C04F79EFBC}") = "Sunfish.Mode", "Sunfish.Model\Sunfish.Mode.csproj", "{E314A0A7-C807-45F4-A4FA-B3A3F8108144}"
EndProject
Global
	GlobalSection(SolutionConfigurationPlatforms) = preSolution
		Debug|Any CPU = Debug|Any CPU
		Release|Any CPU = Release|Any CPU
	EndGlobalSection
	GlobalSection(ProjectConfigurationPlatforms) = postSolution
		{DAD74384-E2FC-4C30-A3CC-E18553F15A7B}.Debug|Any CPU.ActiveCfg = Debug|Any CPU
		{DAD74384-E2FC-4C30-A3CC-E18553F15A7B}.Debug|Any CPU.Build.0 = Debug|Any CPU
		{DAD74384-E2FC-4C30-A3CC-E18553F15A7B}.Release|Any CPU.ActiveCfg = Release|Any CPU
		{DAD74384-E2FC-4C30-A3CC-E18553F15A7B}.Release|Any CPU.Build.0 = Release|Any CPU
		{DFC3D695-D758-4103-99A3-43FA2583FCF8}.Debug|Any CPU.ActiveCfg = Debug|Any CPU
		{DFC3D695-D758-4103-99A3-43FA2583FCF8}.Debug|Any CPU.Build.0 = Debug|Any CPU
		{DFC3D695-D758-4103-99A3-43FA2583FCF8}.Release|Any CPU.ActiveCfg = Release|Any CPU
		{DFC3D695-D758-4103-99A3-43FA2583FCF8}.Release|Any CPU.Build.0 = Release|Any CPU
		{E314A0A7-C807-45F4-A4FA-B3A3F8108144}.Debug|Any CPU.ActiveCfg = Debug|Any CPU
		{E314A0A7-C807-45F4-A4FA-B3A3F8108144}.Debug|Any CPU.Build.0 = Debug|Any CPU
		{E314A0A7-C807-45F4-A4FA-B3A3F8108144}.Release|Any CPU.ActiveCfg = Release|Any CPU
		{E314A0A7-C807-45F4-A4FA-B3A3F8108144}.Release|Any CPU.Build.0 = Release|Any CPU
	EndGlobalSection
	GlobalSection(SolutionProperties) = preSolution
		HideSolutionNode = FALSE
	EndGlobalSection
EndGlobal
